// !$*UTF8*$!
{
	archiveVersion = 1;
	classes = {
	};
	objectVersion = 50;
	objects = {

/* Begin PBXBuildFile section */
		DD069BFC24D64FD100B3C8D0 /* AppDelegate.swift in Sources */ = {isa = PBXBuildFile; fileRef = DD069BFB24D64FD100B3C8D0 /* AppDelegate.swift */; };
		DD069BFE24D64FD100B3C8D0 /* SceneDelegate.swift in Sources */ = {isa = PBXBuildFile; fileRef = DD069BFD24D64FD100B3C8D0 /* SceneDelegate.swift */; };
		DD069C0024D64FD100B3C8D0 /* ViewController.swift in Sources */ = {isa = PBXBuildFile; fileRef = DD069BFF24D64FD100B3C8D0 /* ViewController.swift */; };
		DD069C0324D64FD100B3C8D0 /* Main.storyboard in Resources */ = {isa = PBXBuildFile; fileRef = DD069C0124D64FD100B3C8D0 /* Main.storyboard */; };
		DD069C0524D64FD200B3C8D0 /* Assets.xcassets in Resources */ = {isa = PBXBuildFile; fileRef = DD069C0424D64FD200B3C8D0 /* Assets.xcassets */; };
		DD069C0824D64FD200B3C8D0 /* LaunchScreen.storyboard in Resources */ = {isa = PBXBuildFile; fileRef = DD069C0624D64FD200B3C8D0 /* LaunchScreen.storyboard */; };
		DD069C1324D64FD200B3C8D0 /* tip_appTests.swift in Sources */ = {isa = PBXBuildFile; fileRef = DD069C1224D64FD200B3C8D0 /* tip_appTests.swift */; };
		DD069C1E24D64FD200B3C8D0 /* tip_appUITests.swift in Sources */ = {isa = PBXBuildFile; fileRef = DD069C1D24D64FD200B3C8D0 /* tip_appUITests.swift */; };
/* End PBXBuildFile section */

/* Begin PBXContainerItemProxy section */
		DD069C0F24D64FD200B3C8D0 /* PBXContainerItemProxy */ = {
			isa = PBXContainerItemProxy;
			containerPortal = DD069BF024D64FD100B3C8D0 /* Project object */;
			proxyType = 1;
			remoteGlobalIDString = DD069BF724D64FD100B3C8D0;
			remoteInfo = tip_app;
		};
		DD069C1A24D64FD200B3C8D0 /* PBXContainerItemProxy */ = {
			isa = PBXContainerItemProxy;
			containerPortal = DD069BF024D64FD100B3C8D0 /* Project object */;
			proxyType = 1;
			remoteGlobalIDString = DD069BF724D64FD100B3C8D0;
			remoteInfo = tip_app;
		};
/* End PBXContainerItemProxy section */

/* Begin PBXFileReference section */
		DD069BF824D64FD100B3C8D0 /* tip_app.app */ = {isa = PBXFileReference; explicitFileType = wrapper.application; includeInIndex = 0; path = tip_app.app; sourceTree = BUILT_PRODUCTS_DIR; };
		DD069BFB24D64FD100B3C8D0 /* AppDelegate.swift */ = {isa = PBXFileReference; lastKnownFileType = sourcecode.swift; path = AppDelegate.swift; sourceTree = "<group>"; };
		DD069BFD24D64FD100B3C8D0 /* SceneDelegate.swift */ = {isa = PBXFileReference; lastKnownFileType = sourcecode.swift; path = SceneDelegate.swift; sourceTree = "<group>"; };
		DD069BFF24D64FD100B3C8D0 /* ViewController.swift */ = {isa = PBXFileReference; lastKnownFileType = sourcecode.swift; path = ViewController.swift; sourceTree = "<group>"; };
		DD069C0224D64FD100B3C8D0 /* Base */ = {isa = PBXFileReference; lastKnownFileType = file.storyboard; name = Base; path = Base.lproj/Main.storyboard; sourceTree = "<group>"; };
		DD069C0424D64FD200B3C8D0 /* Assets.xcassets */ = {isa = PBXFileReference; lastKnownFileType = folder.assetcatalog; path = Assets.xcassets; sourceTree = "<group>"; };
		DD069C0724D64FD200B3C8D0 /* Base */ = {isa = PBXFileReference; lastKnownFileType = file.storyboard; name = Base; path = Base.lproj/LaunchScreen.storyboard; sourceTree = "<group>"; };
		DD069C0924D64FD200B3C8D0 /* Info.plist */ = {isa = PBXFileReference; lastKnownFileType = text.plist.xml; path = Info.plist; sourceTree = "<group>"; };
		DD069C0E24D64FD200B3C8D0 /* tip_appTests.xctest */ = {isa = PBXFileReference; explicitFileType = wrapper.cfbundle; includeInIndex = 0; path = tip_appTests.xctest; sourceTree = BUILT_PRODUCTS_DIR; };
		DD069C1224D64FD200B3C8D0 /* tip_appTests.swift */ = {isa = PBXFileReference; lastKnownFileType = sourcecode.swift; path = tip_appTests.swift; sourceTree = "<group>"; };
		DD069C1424D64FD200B3C8D0 /* Info.plist */ = {isa = PBXFileReference; lastKnownFileType = text.plist.xml; path = Info.plist; sourceTree = "<group>"; };
		DD069C1924D64FD200B3C8D0 /* tip_appUITests.xctest */ = {isa = PBXFileReference; explicitFileType = wrapper.cfbundle; includeInIndex = 0; path = tip_appUITests.xctest; sourceTree = BUILT_PRODUCTS_DIR; };
		DD069C1D24D64FD200B3C8D0 /* tip_appUITests.swift */ = {isa = PBXFileReference; lastKnownFileType = sourcecode.swift; path = tip_appUITests.swift; sourceTree = "<group>"; };
		DD069C1F24D64FD200B3C8D0 /* Info.plist */ = {isa = PBXFileReference; lastKnownFileType = text.plist.xml; path = Info.plist; sourceTree = "<group>"; };
/* End PBXFileReference section */

/* Begin PBXFrameworksBuildPhase section */
		DD069BF524D64FD100B3C8D0 /* Frameworks */ = {
			isa = PBXFrameworksBuildPhase;
			buildActionMask = 2147483647;
			files = (
			);
			runOnlyForDeploymentPostprocessing = 0;
		};
		DD069C0B24D64FD200B3C8D0 /* Frameworks */ = {
			isa = PBXFrameworksBuildPhase;
			buildActionMask = 2147483647;
			files = (
			);
			runOnlyForDeploymentPostprocessing = 0;
		};
		DD069C1624D64FD200B3C8D0 /* Frameworks */ = {
			isa = PBXFrameworksBuildPhase;
			buildActionMask = 2147483647;
			files = (
			);
			runOnlyForDeploymentPostprocessing = 0;
		};
/* End PBXFrameworksBuildPhase section */

/* Begin PBXGroup section */
		DD069BEF24D64FD100B3C8D0 = {
			isa = PBXGroup;
			children = (
				DD069BFA24D64FD100B3C8D0 /* tip_app */,
				DD069C1124D64FD200B3C8D0 /* tip_appTests */,
				DD069C1C24D64FD200B3C8D0 /* tip_appUITests */,
				DD069BF924D64FD100B3C8D0 /* Products */,
			);
			sourceTree = "<group>";
		};
		DD069BF924D64FD100B3C8D0 /* Products */ = {
			isa = PBXGroup;
			children = (
				DD069BF824D64FD100B3C8D0 /* tip_app.app */,
				DD069C0E24D64FD200B3C8D0 /* tip_appTests.xctest */,
				DD069C1924D64FD200B3C8D0 /* tip_appUITests.xctest */,
			);
			name = Products;
			sourceTree = "<group>";
		};
		DD069BFA24D64FD100B3C8D0 /* tip_app */ = {
			isa = PBXGroup;
			children = (
				DD069BFB24D64FD100B3C8D0 /* AppDelegate.swift */,
				DD069BFD24D64FD100B3C8D0 /* SceneDelegate.swift */,
				DD069BFF24D64FD100B3C8D0 /* ViewController.swift */,
				DD069C0124D64FD100B3C8D0 /* Main.storyboard */,
				DD069C0424D64FD200B3C8D0 /* Assets.xcassets */,
				DD069C0624D64FD200B3C8D0 /* LaunchScreen.storyboard */,
				DD069C0924D64FD200B3C8D0 /* Info.plist */,
			);
			path = tip_app;
			sourceTree = "<group>";
		};
		DD069C1124D64FD200B3C8D0 /* tip_appTests */ = {
			isa = PBXGroup;
			children = (
				DD069C1224D64FD200B3C8D0 /* tip_appTests.swift */,
				DD069C1424D64FD200B3C8D0 /* Info.plist */,
			);
			path = tip_appTests;
			sourceTree = "<group>";
		};
		DD069C1C24D64FD200B3C8D0 /* tip_appUITests */ = {
			isa = PBXGroup;
			children = (
				DD069C1D24D64FD200B3C8D0 /* tip_appUITests.swift */,
				DD069C1F24D64FD200B3C8D0 /* Info.plist */,
			);
			path = tip_appUITests;
			sourceTree = "<group>";
		};
/* End PBXGroup section */

/* Begin PBXNativeTarget section */
		DD069BF724D64FD100B3C8D0 /* tip_app */ = {
			isa = PBXNativeTarget;
			buildConfigurationList = DD069C2224D64FD200B3C8D0 /* Build configuration list for PBXNativeTarget "tip_app" */;
			buildPhases = (
				DD069BF424D64FD100B3C8D0 /* Sources */,
				DD069BF524D64FD100B3C8D0 /* Frameworks */,
				DD069BF624D64FD100B3C8D0 /* Resources */,
			);
			buildRules = (
			);
			dependencies = (
			);
			name = tip_app;
			productName = tip_app;
			productReference = DD069BF824D64FD100B3C8D0 /* tip_app.app */;
			productType = "com.apple.product-type.application";
		};
		DD069C0D24D64FD200B3C8D0 /* tip_appTests */ = {
			isa = PBXNativeTarget;
			buildConfigurationList = DD069C2524D64FD200B3C8D0 /* Build configuration list for PBXNativeTarget "tip_appTests" */;
			buildPhases = (
				DD069C0A24D64FD200B3C8D0 /* Sources */,
				DD069C0B24D64FD200B3C8D0 /* Frameworks */,
				DD069C0C24D64FD200B3C8D0 /* Resources */,
			);
			buildRules = (
			);
			dependencies = (
				DD069C1024D64FD200B3C8D0 /* PBXTargetDependency */,
			);
			name = tip_appTests;
			productName = tip_appTests;
			productReference = DD069C0E24D64FD200B3C8D0 /* tip_appTests.xctest */;
			productType = "com.apple.product-type.bundle.unit-test";
		};
		DD069C1824D64FD200B3C8D0 /* tip_appUITests */ = {
			isa = PBXNativeTarget;
			buildConfigurationList = DD069C2824D64FD200B3C8D0 /* Build configuration list for PBXNativeTarget "tip_appUITests" */;
			buildPhases = (
				DD069C1524D64FD200B3C8D0 /* Sources */,
				DD069C1624D64FD200B3C8D0 /* Frameworks */,
				DD069C1724D64FD200B3C8D0 /* Resources */,
			);
			buildRules = (
			);
			dependencies = (
				DD069C1B24D64FD200B3C8D0 /* PBXTargetDependency */,
			);
			name = tip_appUITests;
			productName = tip_appUITests;
			productReference = DD069C1924D64FD200B3C8D0 /* tip_appUITests.xctest */;
			productType = "com.apple.product-type.bundle.ui-testing";
		};
/* End PBXNativeTarget section */

/* Begin PBXProject section */
		DD069BF024D64FD100B3C8D0 /* Project object */ = {
			isa = PBXProject;
			attributes = {
				LastSwiftUpdateCheck = 1160;
				LastUpgradeCheck = 1160;
				ORGANIZATIONNAME = "Farhadul Fahim";
				TargetAttributes = {
					DD069BF724D64FD100B3C8D0 = {
						CreatedOnToolsVersion = 11.6;
					};
					DD069C0D24D64FD200B3C8D0 = {
						CreatedOnToolsVersion = 11.6;
						TestTargetID = DD069BF724D64FD100B3C8D0;
					};
					DD069C1824D64FD200B3C8D0 = {
						CreatedOnToolsVersion = 11.6;
						TestTargetID = DD069BF724D64FD100B3C8D0;
					};
				};
			};
			buildConfigurationList = DD069BF324D64FD100B3C8D0 /* Build configuration list for PBXProject "tip_app" */;
			compatibilityVersion = "Xcode 9.3";
			developmentRegion = en;
			hasScannedForEncodings = 0;
			knownRegions = (
				en,
				Base,
			);
			mainGroup = DD069BEF24D64FD100B3C8D0;
			productRefGroup = DD069BF924D64FD100B3C8D0 /* Products */;
			projectDirPath = "";
			projectRoot = "";
			targets = (
				DD069BF724D64FD100B3C8D0 /* tip_app */,
				DD069C0D24D64FD200B3C8D0 /* tip_appTests */,
				DD069C1824D64FD200B3C8D0 /* tip_appUITests */,
			);
		};
/* End PBXProject section */

/* Begin PBXResourcesBuildPhase section */
		DD069BF624D64FD100B3C8D0 /* Resources */ = {
			isa = PBXResourcesBuildPhase;
			buildActionMask = 2147483647;
			files = (
				DD069C0824D64FD200B3C8D0 /* LaunchScreen.storyboard in Resources */,
				DD069C0524D64FD200B3C8D0 /* Assets.xcassets in Resources */,
				DD069C0324D64FD100B3C8D0 /* Main.storyboard in Resources */,
			);
			runOnlyForDeploymentPostprocessing = 0;
		};
		DD069C0C24D64FD200B3C8D0 /* Resources */ = {
			isa = PBXResourcesBuildPhase;
			buildActionMask = 2147483647;
			files = (
			);
			runOnlyForDeploymentPostprocessing = 0;
		};
		DD069C1724D64FD200B3C8D0 /* Resources */ = {
			isa = PBXResourcesBuildPhase;
			buildActionMask = 2147483647;
			files = (
			);
			runOnlyForDeploymentPostprocessing = 0;
		};
/* End PBXResourcesBuildPhase section */

/* Begin PBXSourcesBuildPhase section */
		DD069BF424D64FD100B3C8D0 /* Sources */ = {
			isa = PBXSourcesBuildPhase;
			buildActionMask = 2147483647;
			files = (
				DD069C0024D64FD100B3C8D0 /* ViewController.swift in Sources */,
				DD069BFC24D64FD100B3C8D0 /* AppDelegate.swift in Sources */,
				DD069BFE24D64FD100B3C8D0 /* SceneDelegate.swift in Sources */,
			);
			runOnlyForDeploymentPostprocessing = 0;
		};
		DD069C0A24D64FD200B3C8D0 /* Sources */ = {
			isa = PBXSourcesBuildPhase;
			buildActionMask = 2147483647;
			files = (
				DD069C1324D64FD200B3C8D0 /* tip_appTests.swift in Sources */,
			);
			runOnlyForDeploymentPostprocessing = 0;
		};
		DD069C1524D64FD200B3C8D0 /* Sources */ = {
			isa = PBXSourcesBuildPhase;
			buildActionMask = 2147483647;
			files = (
				DD069C1E24D64FD200B3C8D0 /* tip_appUITests.swift in Sources */,
			);
			runOnlyForDeploymentPostprocessing = 0;
		};
/* End PBXSourcesBuildPhase section */

/* Begin PBXTargetDependency section */
		DD069C1024D64FD200B3C8D0 /* PBXTargetDependency */ = {
			isa = PBXTargetDependency;
			target = DD069BF724D64FD100B3C8D0 /* tip_app */;
			targetProxy = DD069C0F24D64FD200B3C8D0 /* PBXContainerItemProxy */;
		};
		DD069C1B24D64FD200B3C8D0 /* PBXTargetDependency */ = {
			isa = PBXTargetDependency;
			target = DD069BF724D64FD100B3C8D0 /* tip_app */;
			targetProxy = DD069C1A24D64FD200B3C8D0 /* PBXContainerItemProxy */;
		};
/* End PBXTargetDependency section */

/* Begin PBXVariantGroup section */
		DD069C0124D64FD100B3C8D0 /* Main.storyboard */ = {
			isa = PBXVariantGroup;
			children = (
				DD069C0224D64FD100B3C8D0 /* Base */,
			);
			name = Main.storyboard;
			sourceTree = "<group>";
		};
		DD069C0624D64FD200B3C8D0 /* LaunchScreen.storyboard */ = {
			isa = PBXVariantGroup;
			children = (
				DD069C0724D64FD200B3C8D0 /* Base */,
			);
			name = LaunchScreen.storyboard;
			sourceTree = "<group>";
		};
/* End PBXVariantGroup section */

/* Begin XCBuildConfiguration section */
		DD069C2024D64FD200B3C8D0 /* Debug */ = {
			isa = XCBuildConfiguration;
			buildSettings = {
				ALWAYS_SEARCH_USER_PATHS = NO;
				CLANG_ANALYZER_NONNULL = YES;
				CLANG_ANALYZER_NUMBER_OBJECT_CONVERSION = YES_AGGRESSIVE;
				CLANG_CXX_LANGUAGE_STANDARD = "gnu++14";
				CLANG_CXX_LIBRARY = "libc++";
				CLANG_ENABLE_MODULES = YES;
				CLANG_ENABLE_OBJC_ARC = YES;
				CLANG_ENABLE_OBJC_WEAK = YES;
				CLANG_WARN_BLOCK_CAPTURE_AUTORELEASING = YES;
				CLANG_WARN_BOOL_CONVERSION = YES;
				CLANG_WARN_COMMA = YES;
				CLANG_WARN_CONSTANT_CONVERSION = YES;
				CLANG_WARN_DEPRECATED_OBJC_IMPLEMENTATIONS = YES;
				CLANG_WARN_DIRECT_OBJC_ISA_USAGE = YES_ERROR;
				CLANG_WARN_DOCUMENTATION_COMMENTS = YES;
				CLANG_WARN_EMPTY_BODY = YES;
				CLANG_WARN_ENUM_CONVERSION = YES;
				CLANG_WARN_INFINITE_RECURSION = YES;
				CLANG_WARN_INT_CONVERSION = YES;
				CLANG_WARN_NON_LITERAL_NULL_CONVERSION = YES;
				CLANG_WARN_OBJC_IMPLICIT_RETAIN_SELF = YES;
				CLANG_WARN_OBJC_LITERAL_CONVERSION = YES;
				CLANG_WARN_OBJC_ROOT_CLASS = YES_ERROR;
				CLANG_WARN_RANGE_LOOP_ANALYSIS = YES;
				CLANG_WARN_STRICT_PROTOTYPES = YES;
				CLANG_WARN_SUSPICIOUS_MOVE = YES;
				CLANG_WARN_UNGUARDED_AVAILABILITY = YES_AGGRESSIVE;
				CLANG_WARN_UNREACHABLE_CODE = YES;
				CLANG_WARN__DUPLICATE_METHOD_MATCH = YES;
				COPY_PHASE_STRIP = NO;
				DEBUG_INFORMATION_FORMAT = dwarf;
				ENABLE_STRICT_OBJC_MSGSEND = YES;
				ENABLE_TESTABILITY = YES;
				GCC_C_LANGUAGE_STANDARD = gnu11;
				GCC_DYNAMIC_NO_PIC = NO;
				GCC_NO_COMMON_BLOCKS = YES;
				GCC_OPTIMIZATION_LEVEL = 0;
				GCC_PREPROCESSOR_DEFINITIONS = (
					"DEBUG=1",
					"$(inherited)",
				);
				GCC_WARN_64_TO_32_BIT_CONVERSION = YES;
				GCC_WARN_ABOUT_RETURN_TYPE = YES_ERROR;
				GCC_WARN_UNDECLARED_SELECTOR = YES;
				GCC_WARN_UNINITIALIZED_AUTOS = YES_AGGRESSIVE;
				GCC_WARN_UNUSED_FUNCTION = YES;
				GCC_WARN_UNUSED_VARIABLE = YES;
				IPHONEOS_DEPLOYMENT_TARGET = 13.6;
				MTL_ENABLE_DEBUG_INFO = INCLUDE_SOURCE;
				MTL_FAST_MATH = YES;
				ONLY_ACTIVE_ARCH = YES;
				SDKROOT = iphoneos;
				SWIFT_ACTIVE_COMPILATION_CONDITIONS = DEBUG;
				SWIFT_OPTIMIZATION_LEVEL = "-Onone";
			};
			name = Debug;
		};
		DD069C2124D64FD200B3C8D0 /* Release */ = {
			isa = XCBuildConfiguration;
			buildSettings = {
				ALWAYS_SEARCH_USER_PATHS = NO;
				CLANG_ANALYZER_NONNULL = YES;
				CLANG_ANALYZER_NUMBER_OBJECT_CONVERSION = YES_AGGRESSIVE;
				CLANG_CXX_LANGUAGE_STANDARD = "gnu++14";
				CLANG_CXX_LIBRARY = "libc++";
				CLANG_ENABLE_MODULES = YES;
				CLANG_ENABLE_OBJC_ARC = YES;
				CLANG_ENABLE_OBJC_WEAK = YES;
				CLANG_WARN_BLOCK_CAPTURE_AUTORELEASING = YES;
				CLANG_WARN_BOOL_CONVERSION = YES;
				CLANG_WARN_COMMA = YES;
				CLANG_WARN_CONSTANT_CONVERSION = YES;
				CLANG_WARN_DEPRECATED_OBJC_IMPLEMENTATIONS = YES;
				CLANG_WARN_DIRECT_OBJC_ISA_USAGE = YES_ERROR;
				CLANG_WARN_DOCUMENTATION_COMMENTS = YES;
				CLANG_WARN_EMPTY_BODY = YES;
				CLANG_WARN_ENUM_CONVERSION = YES;
				CLANG_WARN_INFINITE_RECURSION = YES;
				CLANG_WARN_INT_CONVERSION = YES;
				CLANG_WARN_NON_LITERAL_NULL_CONVERSION = YES;
				CLANG_WARN_OBJC_IMPLICIT_RETAIN_SELF = YES;
				CLANG_WARN_OBJC_LITERAL_CONVERSION = YES;
				CLANG_WARN_OBJC_ROOT_CLASS = YES_ERROR;
				CLANG_WARN_RANGE_LOOP_ANALYSIS = YES;
				CLANG_WARN_STRICT_PROTOTYPES = YES;
				CLANG_WARN_SUSPICIOUS_MOVE = YES;
				CLANG_WARN_UNGUARDED_AVAILABILITY = YES_AGGRESSIVE;
				CLANG_WARN_UNREACHABLE_CODE = YES;
				CLANG_WARN__DUPLICATE_METHOD_MATCH = YES;
				COPY_PHASE_STRIP = NO;
				DEBUG_INFORMATION_FORMAT = "dwarf-with-dsym";
				ENABLE_NS_ASSERTIONS = NO;
				ENABLE_STRICT_OBJC_MSGSEND = YES;
				GCC_C_LANGUAGE_STANDARD = gnu11;
				GCC_NO_COMMON_BLOCKS = YES;
				GCC_WARN_64_TO_32_BIT_CONVERSION = YES;
				GCC_WARN_ABOUT_RETURN_TYPE = YES_ERROR;
				GCC_WARN_UNDECLARED_SELECTOR = YES;
				GCC_WARN_UNINITIALIZED_AUTOS = YES_AGGRESSIVE;
				GCC_WARN_UNUSED_FUNCTION = YES;
				GCC_WARN_UNUSED_VARIABLE = YES;
				IPHONEOS_DEPLOYMENT_TARGET = 13.6;
				MTL_ENABLE_DEBUG_INFO = NO;
				MTL_FAST_MATH = YES;
				SDKROOT = iphoneos;
				SWIFT_COMPILATION_MODE = wholemodule;
				SWIFT_OPTIMIZATION_LEVEL = "-O";
				VALIDATE_PRODUCT = YES;
			};
			name = Release;
		};
		DD069C2324D64FD200B3C8D0 /* Debug */ = {
			isa = XCBuildConfiguration;
			buildSettings = {
				ASSETCATALOG_COMPILER_APPICON_NAME = AppIcon;
				CODE_SIGN_STYLE = Automatic;
				INFOPLIST_FILE = tip_app/Info.plist;
				LD_RUNPATH_SEARCH_PATHS = (
					"$(inherited)",
					"@executable_path/Frameworks",
				);
				PRODUCT_BUNDLE_IDENTIFIER = "Codepath.tip-app";
				PRODUCT_NAME = "$(TARGET_NAME)";
				SWIFT_VERSION = 5.0;
				TARGETED_DEVICE_FAMILY = "1,2";
			};
			name = Debug;
		};
		DD069C2424D64FD200B3C8D0 /* Release */ = {
			isa = XCBuildConfiguration;
			buildSettings = {
				ASSETCATALOG_COMPILER_APPICON_NAME = AppIcon;
				CODE_SIGN_STYLE = Automatic;
				INFOPLIST_FILE = tip_app/Info.plist;
				LD_RUNPATH_SEARCH_PATHS = (
					"$(inherited)",
					"@executable_path/Frameworks",
				);
				PRODUCT_BUNDLE_IDENTIFIER = "Codepath.tip-app";
				PRODUCT_NAME = "$(TARGET_NAME)";
				SWIFT_VERSION = 5.0;
				TARGETED_DEVICE_FAMILY = "1,2";
			};
			name = Release;
		};
		DD069C2624D64FD200B3C8D0 /* Debug */ = {
			isa = XCBuildConfiguration;
			buildSettings = {
				ALWAYS_EMBED_SWIFT_STANDARD_LIBRARIES = YES;
				BUNDLE_LOADER = "$(TEST_HOST)";
				CODE_SIGN_STYLE = Automatic;
				INFOPLIST_FILE = tip_appTests/Info.plist;
				IPHONEOS_DEPLOYMENT_TARGET = 13.6;
				LD_RUNPATH_SEARCH_PATHS = (
					"$(inherited)",
					"@executable_path/Frameworks",
					"@loader_path/Frameworks",
				);
				PRODUCT_BUNDLE_IDENTIFIER = "Codepath.tip-appTests";
				PRODUCT_NAME = "$(TARGET_NAME)";
				SWIFT_VERSION = 5.0;
				TARGETED_DEVICE_FAMILY = "1,2";
				TEST_HOST = "$(BUILT_PRODUCTS_DIR)/tip_app.app/tip_app";
			};
			name = Debug;
		};
		DD069C2724D64FD200B3C8D0 /* Release */ = {
			isa = XCBuildConfiguration;
			buildSettings = {
				ALWAYS_EMBED_SWIFT_STANDARD_LIBRARIES = YES;
				BUNDLE_LOADER = "$(TEST_HOST)";
				CODE_SIGN_STYLE = Automatic;
				INFOPLIST_FILE = tip_appTests/Info.plist;
				IPHONEOS_DEPLOYMENT_TARGET = 13.6;
				LD_RUNPATH_SEARCH_PATHS = (
					"$(inherited)",
					"@executable_path/Frameworks",
					"@loader_path/Frameworks",
				);
				PRODUCT_BUNDLE_IDENTIFIER = "Codepath.tip-appTests";
				PRODUCT_NAME = "$(TARGET_NAME)";
				SWIFT_VERSION = 5.0;
				TARGETED_DEVICE_FAMILY = "1,2";
				TEST_HOST = "$(BUILT_PRODUCTS_DIR)/tip_app.app/tip_app";
			};
			name = Release;
		};
		DD069C2924D64FD200B3C8D0 /* Debug */ = {
			isa = XCBuildConfiguration;
			buildSettings = {
				ALWAYS_EMBED_SWIFT_STANDARD_LIBRARIES = YES;
				CODE_SIGN_STYLE = Automatic;
				INFOPLIST_FILE = tip_appUITests/Info.plist;
				LD_RUNPATH_SEARCH_PATHS = (
					"$(inherited)",
					"@executable_path/Frameworks",
					"@loader_path/Frameworks",
				);
				PRODUCT_BUNDLE_IDENTIFIER = "Codepath.tip-appUITests";
				PRODUCT_NAME = "$(TARGET_NAME)";
				SWIFT_VERSION = 5.0;
				TARGETED_DEVICE_FAMILY = "1,2";
				TEST_TARGET_NAME = tip_app;
			};
			name = Debug;
		};
		DD069C2A24D64FD200B3C8D0 /* Release */ = {
			isa = XCBuildConfiguration;
			buildSettings = {
				ALWAYS_EMBED_SWIFT_STANDARD_LIBRARIES = YES;
				CODE_SIGN_STYLE = Automatic;
				INFOPLIST_FILE = tip_appUITests/Info.plist;
				LD_RUNPATH_SEARCH_PATHS = (
					"$(inherited)",
					"@executable_path/Frameworks",
					"@loader_path/Frameworks",
				);
				PRODUCT_BUNDLE_IDENTIFIER = "Codepath.tip-appUITests";
				PRODUCT_NAME = "$(TARGET_NAME)";
				SWIFT_VERSION = 5.0;
				TARGETED_DEVICE_FAMILY = "1,2";
				TEST_TARGET_NAME = tip_app;
			};
			name = Release;
		};
/* End XCBuildConfiguration section */

/* Begin XCConfigurationList section */
		DD069BF324D64FD100B3C8D0 /* Build configuration list for PBXProject "tip_app" */ = {
			isa = XCConfigurationList;
			buildConfigurations = (
				DD069C2024D64FD200B3C8D0 /* Debug */,
				DD069C2124D64FD200B3C8D0 /* Release */,
			);
			defaultConfigurationIsVisible = 0;
			defaultConfigurationName = Release;
		};
		DD069C2224D64FD200B3C8D0 /* Build configuration list for PBXNativeTarget "tip_app" */ = {
			isa = XCConfigurationList;
			buildConfigurations = (
				DD069C2324D64FD200B3C8D0 /* Debug */,
				DD069C2424D64FD200B3C8D0 /* Release */,
			);
			defaultConfigurationIsVisible = 0;
			defaultConfigurationName = Release;
		};
		DD069C2524D64FD200B3C8D0 /* Build configuration list for PBXNativeTarget "tip_appTests" */ = {
			isa = XCConfigurationList;
			buildConfigurations = (
				DD069C2624D64FD200B3C8D0 /* Debug */,
				DD069C2724D64FD200B3C8D0 /* Release */,
			);
			defaultConfigurationIsVisible = 0;
			defaultConfigurationName = Release;
		};
		DD069C2824D64FD200B3C8D0 /* Build configuration list for PBXNativeTarget "tip_appUITests" */ = {
			isa = XCConfigurationList;
			buildConfigurations = (
				DD069C2924D64FD200B3C8D0 /* Debug */,
				DD069C2A24D64FD200B3C8D0 /* Release */,
			);
			defaultConfigurationIsVisible = 0;
			defaultConfigurationName = Release;
		};
/* End XCConfigurationList section */
	};
	rootObject = DD069BF024D64FD100B3C8D0 /* Project object */;
}
